
Microsoft Visual Studio Solution File, Format Version 12.00
# Visual Studio 14
VisualStudioVersion = 14.0.24720.0
MinimumVisualStudioVersion = 10.0.40219.1
Project("{FAE04EC0-301F-11D3-BF4B-00C04F79EFBC}") = "ТестированиеБуфераСтруктурногоКольцевого", "ТестированиеБуфераСтруктурногоКольцевого\ТестированиеБуфераСтруктурногоКольцевого.csproj", "{6A90B8C8-801D-4768-AE3D-4D0277142E29}"
EndProject
Global
	GlobalSection(SolutionConfigurationPlatforms) = preSolution
		Debug|Any CPU = Debug|Any CPU
		Release|Any CPU = Release|Any CPU
	EndGlobalSection
	GlobalSection(ProjectConfigurationPlatforms) = postSolution
		{6A90B8C8-801D-4768-AE3D-4D0277142E29}.Debug|Any CPU.ActiveCfg = Debug|Any CPU
		{6A90B8C8-801D-4768-AE3D-4D0277142E29}.Debug|Any CPU.Build.0 = Debug|Any CPU
		{6A90B8C8-801D-4768-AE3D-4D0277142E29}.Release|Any CPU.ActiveCfg = Release|Any CPU
		{6A90B8C8-801D-4768-AE3D-4D0277142E29}.Release|Any CPU.Build.0 = Release|Any CPU
	EndGlobalSection
	GlobalSection(SolutionProperties) = preSolution
		HideSolutionNode = FALSE
	EndGlobalSection
EndGlobal
